
Microsoft Visual Studio Solution File, Format Version 12.00
# Visual Studio Version 16
VisualStudioVersion = 16.0.30406.217
MinimumVisualStudioVersion = 10.0.40219.1
Project("{FAE04EC0-301F-11D3-BF4B-00C04F79EFBC}") = "Week2_l8", "Week2_l8\Week2_l8.csproj", "{DA8524F7-0768-4615-AE83-8AB5793B0F6A}"
EndProject
Global
	GlobalSection(SolutionConfigurationPlatforms) = preSolution
		Debug|Any CPU = Debug|Any CPU
		Release|Any CPU = Release|Any CPU
	EndGlobalSection
	GlobalSection(ProjectConfigurationPlatforms) = postSolution
		{DA8524F7-0768-4615-AE83-8AB5793B0F6A}.Debug|Any CPU.ActiveCfg = Debug|Any CPU
		{DA8524F7-0768-4615-AE83-8AB5793B0F6A}.Debug|Any CPU.Build.0 = Debug|Any CPU
		{DA8524F7-0768-4615-AE83-8AB5793B0F6A}.Release|Any CPU.ActiveCfg = Release|Any CPU
		{DA8524F7-0768-4615-AE83-8AB5793B0F6A}.Release|Any CPU.Build.0 = Release|Any CPU
	EndGlobalSection
	GlobalSection(SolutionProperties) = preSolution
		HideSolutionNode = FALSE
	EndGlobalSection
	GlobalSection(ExtensibilityGlobals) = postSolution
		SolutionGuid = {585AA16C-3E88-43AB-A4E6-70BDAB394CCF}
	EndGlobalSection
EndGlobal
